
Microsoft Visual Studio Solution File, Format Version 12.00
# Visual Studio Version 17
VisualStudioVersion = 17.5.33516.290
MinimumVisualStudioVersion = 10.0.40219.1
Project("{FAE04EC0-301F-11D3-BF4B-00C04F79EFBC}") = "BlackJackWPF WIP", "BlackJackWPF WIP\BlackJackWPF WIP.csproj", "{02A19DC9-E113-4C86-A6F2-8ECD93DD07B9}"
EndProject
Global
	GlobalSection(SolutionConfigurationPlatforms) = preSolution
		Debug|Any CPU = Debug|Any CPU
		Release|Any CPU = Release|Any CPU
	EndGlobalSection
	GlobalSection(ProjectConfigurationPlatforms) = postSolution
		{02A19DC9-E113-4C86-A6F2-8ECD93DD07B9}.Debug|Any CPU.ActiveCfg = Debug|Any CPU
		{02A19DC9-E113-4C86-A6F2-8ECD93DD07B9}.Debug|Any CPU.Build.0 = Debug|Any CPU
		{02A19DC9-E113-4C86-A6F2-8ECD93DD07B9}.Release|Any CPU.ActiveCfg = Release|Any CPU
		{02A19DC9-E113-4C86-A6F2-8ECD93DD07B9}.Release|Any CPU.Build.0 = Release|Any CPU
	EndGlobalSection
	GlobalSection(SolutionProperties) = preSolution
		HideSolutionNode = FALSE
	EndGlobalSection
	GlobalSection(ExtensibilityGlobals) = postSolution
		SolutionGuid = {83DA841A-BC98-4C70-8153-3F8DB764222B}
	EndGlobalSection
EndGlobal
